// !$*UTF8*$!
{
	archiveVersion = 1;
	classes = {
	};
	objectVersion = 46;
	objects = {

/* Begin PBXBuildFile section */
		B9705E4E1461DDF400BB2F2F /* Foundation.framework in Frameworks */ = {isa = PBXBuildFile; fileRef = B9705E4D1461DDF400BB2F2F /* Foundation.framework */; };
		B9705E5E1461DE7800BB2F2F /* main.m in Sources */ = {isa = PBXBuildFile; fileRef = B9705E5D1461DE7800BB2F2F /* main.m */; };
		B9705E701461DEDF00BB2F2F /* MWAPIRequest.m in Sources */ = {isa = PBXBuildFile; fileRef = B9705E6B1461DEDF00BB2F2F /* MWAPIRequest.m */; };
		B9705E711461DEDF00BB2F2F /* MWClient.m in Sources */ = {isa = PBXBuildFile; fileRef = B9705E6D1461DEDF00BB2F2F /* MWClient.m */; };
		B9705E741461E08B00BB2F2F /* CocoaMWTests.m in Sources */ = {isa = PBXBuildFile; fileRef = B9705E731461E08B00BB2F2F /* CocoaMWTests.m */; };
		B9705E761461E36700BB2F2F /* AppKit.framework in Frameworks */ = {isa = PBXBuildFile; fileRef = B9705E751461E36700BB2F2F /* AppKit.framework */; };
		B9705E8E1461EE2E00BB2F2F /* ASIDataCompressor.m in Sources */ = {isa = PBXBuildFile; fileRef = B9705E7D1461EE2E00BB2F2F /* ASIDataCompressor.m */; };
		B9705E8F1461EE2E00BB2F2F /* ASIDataDecompressor.m in Sources */ = {isa = PBXBuildFile; fileRef = B9705E7F1461EE2E00BB2F2F /* ASIDataDecompressor.m */; };
		B9705E901461EE2E00BB2F2F /* ASIDownloadCache.m in Sources */ = {isa = PBXBuildFile; fileRef = B9705E811461EE2E00BB2F2F /* ASIDownloadCache.m */; };
		B9705E911461EE2E00BB2F2F /* ASIFormDataRequest.m in Sources */ = {isa = PBXBuildFile; fileRef = B9705E831461EE2E00BB2F2F /* ASIFormDataRequest.m */; };
		B9705E921461EE2E00BB2F2F /* ASIHTTPRequest.m in Sources */ = {isa = PBXBuildFile; fileRef = B9705E851461EE2E00BB2F2F /* ASIHTTPRequest.m */; };
		B9705E931461EE2E00BB2F2F /* ASIInputStream.m in Sources */ = {isa = PBXBuildFile; fileRef = B9705E891461EE2E00BB2F2F /* ASIInputStream.m */; };
		B9705E941461EE2E00BB2F2F /* ASINetworkQueue.m in Sources */ = {isa = PBXBuildFile; fileRef = B9705E8B1461EE2E00BB2F2F /* ASINetworkQueue.m */; };
		B9705E991461EE5C00BB2F2F /* SystemConfiguration.framework in Frameworks */ = {isa = PBXBuildFile; fileRef = B9705E981461EE5B00BB2F2F /* SystemConfiguration.framework */; };
		B9705E9B1461EE6500BB2F2F /* CoreServices.framework in Frameworks */ = {isa = PBXBuildFile; fileRef = B9705E9A1461EE6500BB2F2F /* CoreServices.framework */; };
		B9705E9D1461EE7F00BB2F2F /* libz.dylib in Frameworks */ = {isa = PBXBuildFile; fileRef = B9705E9C1461EE7F00BB2F2F /* libz.dylib */; };
		B9705EB81461F86900BB2F2F /* NSObject+SBJson.m in Sources */ = {isa = PBXBuildFile; fileRef = B9705EA01461F86900BB2F2F /* NSObject+SBJson.m */; };
		B9705EB91461F86900BB2F2F /* SBJsonParser.m in Sources */ = {isa = PBXBuildFile; fileRef = B9705EA31461F86900BB2F2F /* SBJsonParser.m */; };
		B9705EBA1461F86900BB2F2F /* SBJsonStreamParser.m in Sources */ = {isa = PBXBuildFile; fileRef = B9705EA51461F86900BB2F2F /* SBJsonStreamParser.m */; };
		B9705EBB1461F86900BB2F2F /* SBJsonStreamParserAccumulator.m in Sources */ = {isa = PBXBuildFile; fileRef = B9705EA71461F86900BB2F2F /* SBJsonStreamParserAccumulator.m */; };
		B9705EBC1461F86900BB2F2F /* SBJsonStreamParserAdapter.m in Sources */ = {isa = PBXBuildFile; fileRef = B9705EA91461F86900BB2F2F /* SBJsonStreamParserAdapter.m */; };
		B9705EBD1461F86900BB2F2F /* SBJsonStreamParserState.m in Sources */ = {isa = PBXBuildFile; fileRef = B9705EAB1461F86900BB2F2F /* SBJsonStreamParserState.m */; };
		B9705EBE1461F86900BB2F2F /* SBJsonStreamWriter.m in Sources */ = {isa = PBXBuildFile; fileRef = B9705EAD1461F86900BB2F2F /* SBJsonStreamWriter.m */; };
		B9705EBF1461F86900BB2F2F /* SBJsonStreamWriterAccumulator.m in Sources */ = {isa = PBXBuildFile; fileRef = B9705EAF1461F86900BB2F2F /* SBJsonStreamWriterAccumulator.m */; };
		B9705EC01461F86900BB2F2F /* SBJsonStreamWriterState.m in Sources */ = {isa = PBXBuildFile; fileRef = B9705EB11461F86900BB2F2F /* SBJsonStreamWriterState.m */; };
		B9705EC11461F86900BB2F2F /* SBJsonTokeniser.m in Sources */ = {isa = PBXBuildFile; fileRef = B9705EB31461F86900BB2F2F /* SBJsonTokeniser.m */; };
		B9705EC21461F86900BB2F2F /* SBJsonUTF8Stream.m in Sources */ = {isa = PBXBuildFile; fileRef = B9705EB51461F86900BB2F2F /* SBJsonUTF8Stream.m */; };
		B9705EC31461F86900BB2F2F /* SBJsonWriter.m in Sources */ = {isa = PBXBuildFile; fileRef = B9705EB71461F86900BB2F2F /* SBJsonWriter.m */; };
		B9705EDE1462287D00BB2F2F /* MWHelpers.m in Sources */ = {isa = PBXBuildFile; fileRef = B9705EDD1462287D00BB2F2F /* MWHelpers.m */; };
/* End PBXBuildFile section */

/* Begin PBXCopyFilesBuildPhase section */
		B9705E471461DDF400BB2F2F /* CopyFiles */ = {
			isa = PBXCopyFilesBuildPhase;
			buildActionMask = 2147483647;
			dstPath = /usr/share/man/man1/;
			dstSubfolderSpec = 0;
			files = (
			);
			runOnlyForDeploymentPostprocessing = 1;
		};
/* End PBXCopyFilesBuildPhase section */

/* Begin PBXFileReference section */
		B9705E491461DDF400BB2F2F /* CocoaMW */ = {isa = PBXFileReference; explicitFileType = "compiled.mach-o.executable"; includeInIndex = 0; path = CocoaMW; sourceTree = BUILT_PRODUCTS_DIR; };
		B9705E4D1461DDF400BB2F2F /* Foundation.framework */ = {isa = PBXFileReference; lastKnownFileType = wrapper.framework; name = Foundation.framework; path = System/Library/Frameworks/Foundation.framework; sourceTree = SDKROOT; };
		B9705E5C1461DE7800BB2F2F /* CocoaMW-Prefix.pch */ = {isa = PBXFileReference; fileEncoding = 4; lastKnownFileType = sourcecode.c.h; path = "CocoaMW-Prefix.pch"; sourceTree = "<group>"; };
		B9705E5D1461DE7800BB2F2F /* main.m */ = {isa = PBXFileReference; fileEncoding = 4; lastKnownFileType = sourcecode.c.objc; path = main.m; sourceTree = "<group>"; };
		B9705E691461DEDF00BB2F2F /* MW.h */ = {isa = PBXFileReference; fileEncoding = 4; lastKnownFileType = sourcecode.c.h; path = MW.h; sourceTree = "<group>"; };
		B9705E6A1461DEDF00BB2F2F /* MWAPIRequest.h */ = {isa = PBXFileReference; fileEncoding = 4; lastKnownFileType = sourcecode.c.h; path = MWAPIRequest.h; sourceTree = "<group>"; };
		B9705E6B1461DEDF00BB2F2F /* MWAPIRequest.m */ = {isa = PBXFileReference; fileEncoding = 4; lastKnownFileType = sourcecode.c.objc; path = MWAPIRequest.m; sourceTree = "<group>"; };
		B9705E6C1461DEDF00BB2F2F /* MWClient.h */ = {isa = PBXFileReference; fileEncoding = 4; lastKnownFileType = sourcecode.c.h; path = MWClient.h; sourceTree = "<group>"; };
		B9705E6D1461DEDF00BB2F2F /* MWClient.m */ = {isa = PBXFileReference; fileEncoding = 4; lastKnownFileType = sourcecode.c.objc; path = MWClient.m; sourceTree = "<group>"; };
		B9705E6E1461DEDF00BB2F2F /* MWClientDelegate.h */ = {isa = PBXFileReference; fileEncoding = 4; lastKnownFileType = sourcecode.c.h; path = MWClientDelegate.h; sourceTree = "<group>"; };
		B9705E6F1461DEDF00BB2F2F /* MWDefines.h */ = {isa = PBXFileReference; fileEncoding = 4; lastKnownFileType = sourcecode.c.h; path = MWDefines.h; sourceTree = "<group>"; };
		B9705E721461E08B00BB2F2F /* CocoaMWTests.h */ = {isa = PBXFileReference; fileEncoding = 4; lastKnownFileType = sourcecode.c.h; path = CocoaMWTests.h; sourceTree = "<group>"; };
		B9705E731461E08B00BB2F2F /* CocoaMWTests.m */ = {isa = PBXFileReference; fileEncoding = 4; lastKnownFileType = sourcecode.c.objc; path = CocoaMWTests.m; sourceTree = "<group>"; };
		B9705E751461E36700BB2F2F /* AppKit.framework */ = {isa = PBXFileReference; lastKnownFileType = wrapper.framework; name = AppKit.framework; path = System/Library/Frameworks/AppKit.framework; sourceTree = SDKROOT; };
		B9705E7B1461EE2E00BB2F2F /* ASICacheDelegate.h */ = {isa = PBXFileReference; fileEncoding = 4; lastKnownFileType = sourcecode.c.h; name = ASICacheDelegate.h; path = "Libraries/asi-http-request/Classes/ASICacheDelegate.h"; sourceTree = "<group>"; };
		B9705E7C1461EE2E00BB2F2F /* ASIDataCompressor.h */ = {isa = PBXFileReference; fileEncoding = 4; lastKnownFileType = sourcecode.c.h; name = ASIDataCompressor.h; path = "Libraries/asi-http-request/Classes/ASIDataCompressor.h"; sourceTree = "<group>"; };
		B9705E7D1461EE2E00BB2F2F /* ASIDataCompressor.m */ = {isa = PBXFileReference; fileEncoding = 4; lastKnownFileType = sourcecode.c.objc; name = ASIDataCompressor.m; path = "Libraries/asi-http-request/Classes/ASIDataCompressor.m"; sourceTree = "<group>"; };
		B9705E7E1461EE2E00BB2F2F /* ASIDataDecompressor.h */ = {isa = PBXFileReference; fileEncoding = 4; lastKnownFileType = sourcecode.c.h; name = ASIDataDecompressor.h; path = "Libraries/asi-http-request/Classes/ASIDataDecompressor.h"; sourceTree = "<group>"; };
		B9705E7F1461EE2E00BB2F2F /* ASIDataDecompressor.m */ = {isa = PBXFileReference; fileEncoding = 4; lastKnownFileType = sourcecode.c.objc; name = ASIDataDecompressor.m; path = "Libraries/asi-http-request/Classes/ASIDataDecompressor.m"; sourceTree = "<group>"; };
		B9705E801461EE2E00BB2F2F /* ASIDownloadCache.h */ = {isa = PBXFileReference; fileEncoding = 4; lastKnownFileType = sourcecode.c.h; name = ASIDownloadCache.h; path = "Libraries/asi-http-request/Classes/ASIDownloadCache.h"; sourceTree = "<group>"; };
		B9705E811461EE2E00BB2F2F /* ASIDownloadCache.m */ = {isa = PBXFileReference; fileEncoding = 4; lastKnownFileType = sourcecode.c.objc; name = ASIDownloadCache.m; path = "Libraries/asi-http-request/Classes/ASIDownloadCache.m"; sourceTree = "<group>"; };
		B9705E821461EE2E00BB2F2F /* ASIFormDataRequest.h */ = {isa = PBXFileReference; fileEncoding = 4; lastKnownFileType = sourcecode.c.h; name = ASIFormDataRequest.h; path = "Libraries/asi-http-request/Classes/ASIFormDataRequest.h"; sourceTree = "<group>"; };
		B9705E831461EE2E00BB2F2F /* ASIFormDataRequest.m */ = {isa = PBXFileReference; fileEncoding = 4; lastKnownFileType = sourcecode.c.objc; name = ASIFormDataRequest.m; path = "Libraries/asi-http-request/Classes/ASIFormDataRequest.m"; sourceTree = "<group>"; };
		B9705E841461EE2E00BB2F2F /* ASIHTTPRequest.h */ = {isa = PBXFileReference; fileEncoding = 4; lastKnownFileType = sourcecode.c.h; name = ASIHTTPRequest.h; path = "Libraries/asi-http-request/Classes/ASIHTTPRequest.h"; sourceTree = "<group>"; };
		B9705E851461EE2E00BB2F2F /* ASIHTTPRequest.m */ = {isa = PBXFileReference; fileEncoding = 4; lastKnownFileType = sourcecode.c.objc; name = ASIHTTPRequest.m; path = "Libraries/asi-http-request/Classes/ASIHTTPRequest.m"; sourceTree = "<group>"; };
		B9705E861461EE2E00BB2F2F /* ASIHTTPRequestConfig.h */ = {isa = PBXFileReference; fileEncoding = 4; lastKnownFileType = sourcecode.c.h; name = ASIHTTPRequestConfig.h; path = "Libraries/asi-http-request/Classes/ASIHTTPRequestConfig.h"; sourceTree = "<group>"; };
		B9705E871461EE2E00BB2F2F /* ASIHTTPRequestDelegate.h */ = {isa = PBXFileReference; fileEncoding = 4; lastKnownFileType = sourcecode.c.h; name = ASIHTTPRequestDelegate.h; path = "Libraries/asi-http-request/Classes/ASIHTTPRequestDelegate.h"; sourceTree = "<group>"; };
		B9705E881461EE2E00BB2F2F /* ASIInputStream.h */ = {isa = PBXFileReference; fileEncoding = 4; lastKnownFileType = sourcecode.c.h; name = ASIInputStream.h; path = "Libraries/asi-http-request/Classes/ASIInputStream.h"; sourceTree = "<group>"; };
		B9705E891461EE2E00BB2F2F /* ASIInputStream.m */ = {isa = PBXFileReference; fileEncoding = 4; lastKnownFileType = sourcecode.c.objc; name = ASIInputStream.m; path = "Libraries/asi-http-request/Classes/ASIInputStream.m"; sourceTree = "<group>"; };
		B9705E8A1461EE2E00BB2F2F /* ASINetworkQueue.h */ = {isa = PBXFileReference; fileEncoding = 4; lastKnownFileType = sourcecode.c.h; name = ASINetworkQueue.h; path = "Libraries/asi-http-request/Classes/ASINetworkQueue.h"; sourceTree = "<group>"; };
		B9705E8B1461EE2E00BB2F2F /* ASINetworkQueue.m */ = {isa = PBXFileReference; fileEncoding = 4; lastKnownFileType = sourcecode.c.objc; name = ASINetworkQueue.m; path = "Libraries/asi-http-request/Classes/ASINetworkQueue.m"; sourceTree = "<group>"; };
		B9705E8C1461EE2E00BB2F2F /* ASIProgressDelegate.h */ = {isa = PBXFileReference; fileEncoding = 4; lastKnownFileType = sourcecode.c.h; name = ASIProgressDelegate.h; path = "Libraries/asi-http-request/Classes/ASIProgressDelegate.h"; sourceTree = "<group>"; };
		B9705E981461EE5B00BB2F2F /* SystemConfiguration.framework */ = {isa = PBXFileReference; lastKnownFileType = wrapper.framework; name = SystemConfiguration.framework; path = System/Library/Frameworks/SystemConfiguration.framework; sourceTree = SDKROOT; };
		B9705E9A1461EE6500BB2F2F /* CoreServices.framework */ = {isa = PBXFileReference; lastKnownFileType = wrapper.framework; name = CoreServices.framework; path = System/Library/Frameworks/CoreServices.framework; sourceTree = SDKROOT; };
		B9705E9C1461EE7F00BB2F2F /* libz.dylib */ = {isa = PBXFileReference; lastKnownFileType = "compiled.mach-o.dylib"; name = libz.dylib; path = usr/lib/libz.dylib; sourceTree = SDKROOT; };
		B9705E9F1461F86900BB2F2F /* NSObject+SBJson.h */ = {isa = PBXFileReference; fileEncoding = 4; lastKnownFileType = sourcecode.c.h; name = "NSObject+SBJson.h"; path = "Libraries/json-framework/Classes/NSObject+SBJson.h"; sourceTree = "<group>"; };
		B9705EA01461F86900BB2F2F /* NSObject+SBJson.m */ = {isa = PBXFileReference; fileEncoding = 4; lastKnownFileType = sourcecode.c.objc; name = "NSObject+SBJson.m"; path = "Libraries/json-framework/Classes/NSObject+SBJson.m"; sourceTree = "<group>"; };
		B9705EA11461F86900BB2F2F /* SBJson.h */ = {isa = PBXFileReference; fileEncoding = 4; lastKnownFileType = sourcecode.c.h; name = SBJson.h; path = "Libraries/json-framework/Classes/SBJson.h"; sourceTree = "<group>"; };
		B9705EA21461F86900BB2F2F /* SBJsonParser.h */ = {isa = PBXFileReference; fileEncoding = 4; lastKnownFileType = sourcecode.c.h; name = SBJsonParser.h; path = "Libraries/json-framework/Classes/SBJsonParser.h"; sourceTree = "<group>"; };
		B9705EA31461F86900BB2F2F /* SBJsonParser.m */ = {isa = PBXFileReference; fileEncoding = 4; lastKnownFileType = sourcecode.c.objc; name = SBJsonParser.m; path = "Libraries/json-framework/Classes/SBJsonParser.m"; sourceTree = "<group>"; };
		B9705EA41461F86900BB2F2F /* SBJsonStreamParser.h */ = {isa = PBXFileReference; fileEncoding = 4; lastKnownFileType = sourcecode.c.h; name = SBJsonStreamParser.h; path = "Libraries/json-framework/Classes/SBJsonStreamParser.h"; sourceTree = "<group>"; };
		B9705EA51461F86900BB2F2F /* SBJsonStreamParser.m */ = {isa = PBXFileReference; fileEncoding = 4; lastKnownFileType = sourcecode.c.objc; name = SBJsonStreamParser.m; path = "Libraries/json-framework/Classes/SBJsonStreamParser.m"; sourceTree = "<group>"; };
		B9705EA61461F86900BB2F2F /* SBJsonStreamParserAccumulator.h */ = {isa = PBXFileReference; fileEncoding = 4; lastKnownFileType = sourcecode.c.h; name = SBJsonStreamParserAccumulator.h; path = "Libraries/json-framework/Classes/SBJsonStreamParserAccumulator.h"; sourceTree = "<group>"; };
		B9705EA71461F86900BB2F2F /* SBJsonStreamParserAccumulator.m */ = {isa = PBXFileReference; fileEncoding = 4; lastKnownFileType = sourcecode.c.objc; name = SBJsonStreamParserAccumulator.m; path = "Libraries/json-framework/Classes/SBJsonStreamParserAccumulator.m"; sourceTree = "<group>"; };
		B9705EA81461F86900BB2F2F /* SBJsonStreamParserAdapter.h */ = {isa = PBXFileReference; fileEncoding = 4; lastKnownFileType = sourcecode.c.h; name = SBJsonStreamParserAdapter.h; path = "Libraries/json-framework/Classes/SBJsonStreamParserAdapter.h"; sourceTree = "<group>"; };
		B9705EA91461F86900BB2F2F /* SBJsonStreamParserAdapter.m */ = {isa = PBXFileReference; fileEncoding = 4; lastKnownFileType = sourcecode.c.objc; name = SBJsonStreamParserAdapter.m; path = "Libraries/json-framework/Classes/SBJsonStreamParserAdapter.m"; sourceTree = "<group>"; };
		B9705EAA1461F86900BB2F2F /* SBJsonStreamParserState.h */ = {isa = PBXFileReference; fileEncoding = 4; lastKnownFileType = sourcecode.c.h; name = SBJsonStreamParserState.h; path = "Libraries/json-framework/Classes/SBJsonStreamParserState.h"; sourceTree = "<group>"; };
		B9705EAB1461F86900BB2F2F /* SBJsonStreamParserState.m */ = {isa = PBXFileReference; fileEncoding = 4; lastKnownFileType = sourcecode.c.objc; name = SBJsonStreamParserState.m; path = "Libraries/json-framework/Classes/SBJsonStreamParserState.m"; sourceTree = "<group>"; };
		B9705EAC1461F86900BB2F2F /* SBJsonStreamWriter.h */ = {isa = PBXFileReference; fileEncoding = 4; lastKnownFileType = sourcecode.c.h; name = SBJsonStreamWriter.h; path = "Libraries/json-framework/Classes/SBJsonStreamWriter.h"; sourceTree = "<group>"; };
		B9705EAD1461F86900BB2F2F /* SBJsonStreamWriter.m */ = {isa = PBXFileReference; fileEncoding = 4; lastKnownFileType = sourcecode.c.objc; name = SBJsonStreamWriter.m; path = "Libraries/json-framework/Classes/SBJsonStreamWriter.m"; sourceTree = "<group>"; };
		B9705EAE1461F86900BB2F2F /* SBJsonStreamWriterAccumulator.h */ = {isa = PBXFileReference; fileEncoding = 4; lastKnownFileType = sourcecode.c.h; name = SBJsonStreamWriterAccumulator.h; path = "Libraries/json-framework/Classes/SBJsonStreamWriterAccumulator.h"; sourceTree = "<group>"; };
		B9705EAF1461F86900BB2F2F /* SBJsonStreamWriterAccumulator.m */ = {isa = PBXFileReference; fileEncoding = 4; lastKnownFileType = sourcecode.c.objc; name = SBJsonStreamWriterAccumulator.m; path = "Libraries/json-framework/Classes/SBJsonStreamWriterAccumulator.m"; sourceTree = "<group>"; };
		B9705EB01461F86900BB2F2F /* SBJsonStreamWriterState.h */ = {isa = PBXFileReference; fileEncoding = 4; lastKnownFileType = sourcecode.c.h; name = SBJsonStreamWriterState.h; path = "Libraries/json-framework/Classes/SBJsonStreamWriterState.h"; sourceTree = "<group>"; };
		B9705EB11461F86900BB2F2F /* SBJsonStreamWriterState.m */ = {isa = PBXFileReference; fileEncoding = 4; lastKnownFileType = sourcecode.c.objc; name = SBJsonStreamWriterState.m; path = "Libraries/json-framework/Classes/SBJsonStreamWriterState.m"; sourceTree = "<group>"; };
		B9705EB21461F86900BB2F2F /* SBJsonTokeniser.h */ = {isa = PBXFileReference; fileEncoding = 4; lastKnownFileType = sourcecode.c.h; name = SBJsonTokeniser.h; path = "Libraries/json-framework/Classes/SBJsonTokeniser.h"; sourceTree = "<group>"; };
		B9705EB31461F86900BB2F2F /* SBJsonTokeniser.m */ = {isa = PBXFileReference; fileEncoding = 4; lastKnownFileType = sourcecode.c.objc; name = SBJsonTokeniser.m; path = "Libraries/json-framework/Classes/SBJsonTokeniser.m"; sourceTree = "<group>"; };
		B9705EB41461F86900BB2F2F /* SBJsonUTF8Stream.h */ = {isa = PBXFileReference; fileEncoding = 4; lastKnownFileType = sourcecode.c.h; name = SBJsonUTF8Stream.h; path = "Libraries/json-framework/Classes/SBJsonUTF8Stream.h"; sourceTree = "<group>"; };
		B9705EB51461F86900BB2F2F /* SBJsonUTF8Stream.m */ = {isa = PBXFileReference; fileEncoding = 4; lastKnownFileType = sourcecode.c.objc; name = SBJsonUTF8Stream.m; path = "Libraries/json-framework/Classes/SBJsonUTF8Stream.m"; sourceTree = "<group>"; };
		B9705EB61461F86900BB2F2F /* SBJsonWriter.h */ = {isa = PBXFileReference; fileEncoding = 4; lastKnownFileType = sourcecode.c.h; name = SBJsonWriter.h; path = "Libraries/json-framework/Classes/SBJsonWriter.h"; sourceTree = "<group>"; };
		B9705EB71461F86900BB2F2F /* SBJsonWriter.m */ = {isa = PBXFileReference; fileEncoding = 4; lastKnownFileType = sourcecode.c.objc; name = SBJsonWriter.m; path = "Libraries/json-framework/Classes/SBJsonWriter.m"; sourceTree = "<group>"; };
		B9705EDC1462287C00BB2F2F /* MWHelpers.h */ = {isa = PBXFileReference; fileEncoding = 4; lastKnownFileType = sourcecode.c.h; path = MWHelpers.h; sourceTree = "<group>"; };
		B9705EDD1462287D00BB2F2F /* MWHelpers.m */ = {isa = PBXFileReference; fileEncoding = 4; lastKnownFileType = sourcecode.c.objc; path = MWHelpers.m; sourceTree = "<group>"; };
/* End PBXFileReference section */

/* Begin PBXFrameworksBuildPhase section */
		B9705E461461DDF400BB2F2F /* Frameworks */ = {
			isa = PBXFrameworksBuildPhase;
			buildActionMask = 2147483647;
			files = (
				B9705E9D1461EE7F00BB2F2F /* libz.dylib in Frameworks */,
				B9705E9B1461EE6500BB2F2F /* CoreServices.framework in Frameworks */,
				B9705E991461EE5C00BB2F2F /* SystemConfiguration.framework in Frameworks */,
				B9705E761461E36700BB2F2F /* AppKit.framework in Frameworks */,
				B9705E4E1461DDF400BB2F2F /* Foundation.framework in Frameworks */,
			);
			runOnlyForDeploymentPostprocessing = 0;
		};
/* End PBXFrameworksBuildPhase section */

/* Begin PBXGroup section */
		B9705E3E1461DDF300BB2F2F = {
			isa = PBXGroup;
			children = (
				B9705E9C1461EE7F00BB2F2F /* libz.dylib */,
				B9705E5B1461DE5900BB2F2F /* Classes */,
				B9705E4C1461DDF400BB2F2F /* Frameworks */,
				B9705E4A1461DDF400BB2F2F /* Products */,
			);
			sourceTree = "<group>";
		};
		B9705E4A1461DDF400BB2F2F /* Products */ = {
			isa = PBXGroup;
			children = (
				B9705E491461DDF400BB2F2F /* CocoaMW */,
			);
			name = Products;
			sourceTree = "<group>";
		};
		B9705E4C1461DDF400BB2F2F /* Frameworks */ = {
			isa = PBXGroup;
			children = (
				B9705E9A1461EE6500BB2F2F /* CoreServices.framework */,
				B9705E981461EE5B00BB2F2F /* SystemConfiguration.framework */,
				B9705E751461E36700BB2F2F /* AppKit.framework */,
				B9705E4D1461DDF400BB2F2F /* Foundation.framework */,
			);
			name = Frameworks;
			sourceTree = "<group>";
		};
		B9705E5B1461DE5900BB2F2F /* Classes */ = {
			isa = PBXGroup;
			children = (
				B9705E671461DED400BB2F2F /* MW */,
				B9705E5C1461DE7800BB2F2F /* CocoaMW-Prefix.pch */,
				B9705E5D1461DE7800BB2F2F /* main.m */,
				B9705E721461E08B00BB2F2F /* CocoaMWTests.h */,
				B9705E731461E08B00BB2F2F /* CocoaMWTests.m */,
			);
			name = Classes;
			sourceTree = "<group>";
		};
		B9705E671461DED400BB2F2F /* MW */ = {
			isa = PBXGroup;
			children = (
				B9705E781461EDC200BB2F2F /* asi-http-request */,
				B9705E9E1461F7D900BB2F2F /* json-framework */,
				B9705E691461DEDF00BB2F2F /* MW.h */,
				B9705E6F1461DEDF00BB2F2F /* MWDefines.h */,
				B9705E6C1461DEDF00BB2F2F /* MWClient.h */,
				B9705E6D1461DEDF00BB2F2F /* MWClient.m */,
				B9705E6E1461DEDF00BB2F2F /* MWClientDelegate.h */,
				B9705E6A1461DEDF00BB2F2F /* MWAPIRequest.h */,
				B9705E6B1461DEDF00BB2F2F /* MWAPIRequest.m */,
				B9705EDC1462287C00BB2F2F /* MWHelpers.h */,
				B9705EDD1462287D00BB2F2F /* MWHelpers.m */,
			);
			name = MW;
			sourceTree = "<group>";
		};
		B9705E781461EDC200BB2F2F /* asi-http-request */ = {
			isa = PBXGroup;
			children = (
				B9705E7B1461EE2E00BB2F2F /* ASICacheDelegate.h */,
				B9705E7C1461EE2E00BB2F2F /* ASIDataCompressor.h */,
				B9705E7D1461EE2E00BB2F2F /* ASIDataCompressor.m */,
				B9705E7E1461EE2E00BB2F2F /* ASIDataDecompressor.h */,
				B9705E7F1461EE2E00BB2F2F /* ASIDataDecompressor.m */,
				B9705E801461EE2E00BB2F2F /* ASIDownloadCache.h */,
				B9705E811461EE2E00BB2F2F /* ASIDownloadCache.m */,
				B9705E821461EE2E00BB2F2F /* ASIFormDataRequest.h */,
				B9705E831461EE2E00BB2F2F /* ASIFormDataRequest.m */,
				B9705E841461EE2E00BB2F2F /* ASIHTTPRequest.h */,
				B9705E851461EE2E00BB2F2F /* ASIHTTPRequest.m */,
				B9705E861461EE2E00BB2F2F /* ASIHTTPRequestConfig.h */,
				B9705E871461EE2E00BB2F2F /* ASIHTTPRequestDelegate.h */,
				B9705E881461EE2E00BB2F2F /* ASIInputStream.h */,
				B9705E891461EE2E00BB2F2F /* ASIInputStream.m */,
				B9705E8A1461EE2E00BB2F2F /* ASINetworkQueue.h */,
				B9705E8B1461EE2E00BB2F2F /* ASINetworkQueue.m */,
				B9705E8C1461EE2E00BB2F2F /* ASIProgressDelegate.h */,
			);
			name = "asi-http-request";
			sourceTree = "<group>";
		};
		B9705E9E1461F7D900BB2F2F /* json-framework */ = {
			isa = PBXGroup;
			children = (
				B9705E9F1461F86900BB2F2F /* NSObject+SBJson.h */,
				B9705EA01461F86900BB2F2F /* NSObject+SBJson.m */,
				B9705EA11461F86900BB2F2F /* SBJson.h */,
				B9705EA21461F86900BB2F2F /* SBJsonParser.h */,
				B9705EA31461F86900BB2F2F /* SBJsonParser.m */,
				B9705EA41461F86900BB2F2F /* SBJsonStreamParser.h */,
				B9705EA51461F86900BB2F2F /* SBJsonStreamParser.m */,
				B9705EA61461F86900BB2F2F /* SBJsonStreamParserAccumulator.h */,
				B9705EA71461F86900BB2F2F /* SBJsonStreamParserAccumulator.m */,
				B9705EA81461F86900BB2F2F /* SBJsonStreamParserAdapter.h */,
				B9705EA91461F86900BB2F2F /* SBJsonStreamParserAdapter.m */,
				B9705EAA1461F86900BB2F2F /* SBJsonStreamParserState.h */,
				B9705EAB1461F86900BB2F2F /* SBJsonStreamParserState.m */,
				B9705EAC1461F86900BB2F2F /* SBJsonStreamWriter.h */,
				B9705EAD1461F86900BB2F2F /* SBJsonStreamWriter.m */,
				B9705EAE1461F86900BB2F2F /* SBJsonStreamWriterAccumulator.h */,
				B9705EAF1461F86900BB2F2F /* SBJsonStreamWriterAccumulator.m */,
				B9705EB01461F86900BB2F2F /* SBJsonStreamWriterState.h */,
				B9705EB11461F86900BB2F2F /* SBJsonStreamWriterState.m */,
				B9705EB21461F86900BB2F2F /* SBJsonTokeniser.h */,
				B9705EB31461F86900BB2F2F /* SBJsonTokeniser.m */,
				B9705EB41461F86900BB2F2F /* SBJsonUTF8Stream.h */,
				B9705EB51461F86900BB2F2F /* SBJsonUTF8Stream.m */,
				B9705EB61461F86900BB2F2F /* SBJsonWriter.h */,
				B9705EB71461F86900BB2F2F /* SBJsonWriter.m */,
			);
			name = "json-framework";
			sourceTree = "<group>";
		};
/* End PBXGroup section */

/* Begin PBXNativeTarget section */
		B9705E481461DDF400BB2F2F /* CocoaMW */ = {
			isa = PBXNativeTarget;
			buildConfigurationList = B9705E581461DDF400BB2F2F /* Build configuration list for PBXNativeTarget "CocoaMW" */;
			buildPhases = (
				B9705E451461DDF400BB2F2F /* Sources */,
				B9705E461461DDF400BB2F2F /* Frameworks */,
				B9705E471461DDF400BB2F2F /* CopyFiles */,
			);
			buildRules = (
			);
			dependencies = (
			);
			name = CocoaMW;
			productName = CocoaMW;
			productReference = B9705E491461DDF400BB2F2F /* CocoaMW */;
			productType = "com.apple.product-type.tool";
		};
/* End PBXNativeTarget section */

/* Begin PBXProject section */
		B9705E401461DDF300BB2F2F /* Project object */ = {
			isa = PBXProject;
			attributes = {
				LastUpgradeCheck = 0420;
			};
			buildConfigurationList = B9705E431461DDF300BB2F2F /* Build configuration list for PBXProject "CocoaMW" */;
			compatibilityVersion = "Xcode 3.2";
			developmentRegion = English;
			hasScannedForEncodings = 0;
			knownRegions = (
				en,
			);
			mainGroup = B9705E3E1461DDF300BB2F2F;
			productRefGroup = B9705E4A1461DDF400BB2F2F /* Products */;
			projectDirPath = "";
			projectRoot = "";
			targets = (
				B9705E481461DDF400BB2F2F /* CocoaMW */,
			);
		};
/* End PBXProject section */

/* Begin PBXSourcesBuildPhase section */
		B9705E451461DDF400BB2F2F /* Sources */ = {
			isa = PBXSourcesBuildPhase;
			buildActionMask = 2147483647;
			files = (
				B9705E5E1461DE7800BB2F2F /* main.m in Sources */,
				B9705E701461DEDF00BB2F2F /* MWAPIRequest.m in Sources */,
				B9705E711461DEDF00BB2F2F /* MWClient.m in Sources */,
				B9705E741461E08B00BB2F2F /* CocoaMWTests.m in Sources */,
				B9705E8E1461EE2E00BB2F2F /* ASIDataCompressor.m in Sources */,
				B9705E8F1461EE2E00BB2F2F /* ASIDataDecompressor.m in Sources */,
				B9705E901461EE2E00BB2F2F /* ASIDownloadCache.m in Sources */,
				B9705E911461EE2E00BB2F2F /* ASIFormDataRequest.m in Sources */,
				B9705E921461EE2E00BB2F2F /* ASIHTTPRequest.m in Sources */,
				B9705E931461EE2E00BB2F2F /* ASIInputStream.m in Sources */,
				B9705E941461EE2E00BB2F2F /* ASINetworkQueue.m in Sources */,
				B9705EB81461F86900BB2F2F /* NSObject+SBJson.m in Sources */,
				B9705EB91461F86900BB2F2F /* SBJsonParser.m in Sources */,
				B9705EBA1461F86900BB2F2F /* SBJsonStreamParser.m in Sources */,
				B9705EBB1461F86900BB2F2F /* SBJsonStreamParserAccumulator.m in Sources */,
				B9705EBC1461F86900BB2F2F /* SBJsonStreamParserAdapter.m in Sources */,
				B9705EBD1461F86900BB2F2F /* SBJsonStreamParserState.m in Sources */,
				B9705EBE1461F86900BB2F2F /* SBJsonStreamWriter.m in Sources */,
				B9705EBF1461F86900BB2F2F /* SBJsonStreamWriterAccumulator.m in Sources */,
				B9705EC01461F86900BB2F2F /* SBJsonStreamWriterState.m in Sources */,
				B9705EC11461F86900BB2F2F /* SBJsonTokeniser.m in Sources */,
				B9705EC21461F86900BB2F2F /* SBJsonUTF8Stream.m in Sources */,
				B9705EC31461F86900BB2F2F /* SBJsonWriter.m in Sources */,
				B9705EDE1462287D00BB2F2F /* MWHelpers.m in Sources */,
			);
			runOnlyForDeploymentPostprocessing = 0;
		};
/* End PBXSourcesBuildPhase section */

/* Begin XCBuildConfiguration section */
		B9705E561461DDF400BB2F2F /* Debug */ = {
			isa = XCBuildConfiguration;
			buildSettings = {
				ALWAYS_SEARCH_USER_PATHS = NO;
				ARCHS = "$(ARCHS_STANDARD_32_64_BIT)";
				CLANG_WARN_DEPRECATED_OBJC_IMPLEMENTATIONS = YES;
				CLANG_WARN_IMPLICIT_SIGN_CONVERSION = YES;
				CLANG_WARN_OBJCPP_ARC_ABI = YES;
				CLANG_WARN_OBJC_IMPLICIT_ATOMIC_PROPERTIES = YES;
				CLANG_WARN_SUSPICIOUS_IMPLICIT_CONVERSION = YES;
				COPY_PHASE_STRIP = NO;
				GCC_C_LANGUAGE_STANDARD = gnu99;
				GCC_DYNAMIC_NO_PIC = NO;
				GCC_ENABLE_OBJC_EXCEPTIONS = YES;
				GCC_OPTIMIZATION_LEVEL = 0;
				GCC_PRECOMPILE_PREFIX_HEADER = YES;
				GCC_PREFIX_HEADER = "CocoaMW-Prefix.pch";
				GCC_PREPROCESSOR_DEFINITIONS = (
					"DEBUG=1",
					"$(inherited)",
				);
				GCC_SYMBOLS_PRIVATE_EXTERN = NO;
				GCC_TREAT_IMPLICIT_FUNCTION_DECLARATIONS_AS_ERRORS = YES;
				GCC_TREAT_INCOMPATIBLE_POINTER_TYPE_WARNINGS_AS_ERRORS = YES;
				GCC_TREAT_WARNINGS_AS_ERRORS = YES;
				GCC_VERSION = com.apple.compilers.llvm.clang.1_0;
				GCC_WARN_64_TO_32_BIT_CONVERSION = YES;
				GCC_WARN_ABOUT_MISSING_FIELD_INITIALIZERS = YES;
				GCC_WARN_ABOUT_MISSING_NEWLINE = YES;
				GCC_WARN_ABOUT_MISSING_PROTOTYPES = YES;
				GCC_WARN_ABOUT_RETURN_TYPE = YES;
				GCC_WARN_FOUR_CHARACTER_CONSTANTS = YES;
				GCC_WARN_HIDDEN_VIRTUAL_FUNCTIONS = YES;
				GCC_WARN_INHIBIT_ALL_WARNINGS = YES;
				GCC_WARN_INITIALIZER_NOT_FULLY_BRACKETED = YES;
				GCC_WARN_MULTIPLE_DEFINITION_TYPES_FOR_SELECTOR = YES;
				GCC_WARN_NON_VIRTUAL_DESTRUCTOR = YES;
				GCC_WARN_PEDANTIC = YES;
				GCC_WARN_SHADOW = YES;
				GCC_WARN_SIGN_COMPARE = YES;
				GCC_WARN_STRICT_SELECTOR_MATCH = YES;
				GCC_WARN_UNDECLARED_SELECTOR = YES;
				GCC_WARN_UNINITIALIZED_AUTOS = YES;
				GCC_WARN_UNKNOWN_PRAGMAS = YES;
				GCC_WARN_UNUSED_FUNCTION = YES;
				GCC_WARN_UNUSED_LABEL = YES;
				GCC_WARN_UNUSED_PARAMETER = YES;
				GCC_WARN_UNUSED_VARIABLE = YES;
				MACOSX_DEPLOYMENT_TARGET = 10.7;
				ONLY_ACTIVE_ARCH = YES;
				PRODUCT_NAME = "$(TARGET_NAME)";
				SDKROOT = macosx;
			};
			name = Debug;
		};
		B9705E571461DDF400BB2F2F /* Release */ = {
			isa = XCBuildConfiguration;
			buildSettings = {
				ALWAYS_SEARCH_USER_PATHS = NO;
				ARCHS = "$(ARCHS_STANDARD_32_64_BIT)";
				CLANG_WARN_DEPRECATED_OBJC_IMPLEMENTATIONS = YES;
				CLANG_WARN_IMPLICIT_SIGN_CONVERSION = YES;
				CLANG_WARN_OBJCPP_ARC_ABI = YES;
				CLANG_WARN_OBJC_IMPLICIT_ATOMIC_PROPERTIES = YES;
				CLANG_WARN_SUSPICIOUS_IMPLICIT_CONVERSION = YES;
				COPY_PHASE_STRIP = YES;
				DEBUG_INFORMATION_FORMAT = "dwarf-with-dsym";
				GCC_C_LANGUAGE_STANDARD = gnu99;
				GCC_ENABLE_OBJC_EXCEPTIONS = YES;
				GCC_PRECOMPILE_PREFIX_HEADER = YES;
				GCC_PREFIX_HEADER = "CocoaMW-Prefix.pch";
				GCC_TREAT_IMPLICIT_FUNCTION_DECLARATIONS_AS_ERRORS = YES;
				GCC_TREAT_INCOMPATIBLE_POINTER_TYPE_WARNINGS_AS_ERRORS = YES;
				GCC_TREAT_WARNINGS_AS_ERRORS = YES;
				GCC_VERSION = com.apple.compilers.llvm.clang.1_0;
				GCC_WARN_64_TO_32_BIT_CONVERSION = YES;
				GCC_WARN_ABOUT_MISSING_FIELD_INITIALIZERS = YES;
				GCC_WARN_ABOUT_MISSING_NEWLINE = YES;
				GCC_WARN_ABOUT_MISSING_PROTOTYPES = YES;
				GCC_WARN_ABOUT_RETURN_TYPE = YES;
				GCC_WARN_FOUR_CHARACTER_CONSTANTS = YES;
				GCC_WARN_HIDDEN_VIRTUAL_FUNCTIONS = YES;
				GCC_WARN_INHIBIT_ALL_WARNINGS = YES;
				GCC_WARN_INITIALIZER_NOT_FULLY_BRACKETED = YES;
				GCC_WARN_MULTIPLE_DEFINITION_TYPES_FOR_SELECTOR = YES;
				GCC_WARN_NON_VIRTUAL_DESTRUCTOR = YES;
				GCC_WARN_PEDANTIC = YES;
				GCC_WARN_SHADOW = YES;
				GCC_WARN_SIGN_COMPARE = YES;
				GCC_WARN_STRICT_SELECTOR_MATCH = YES;
				GCC_WARN_UNDECLARED_SELECTOR = YES;
				GCC_WARN_UNINITIALIZED_AUTOS = YES;
				GCC_WARN_UNKNOWN_PRAGMAS = YES;
				GCC_WARN_UNUSED_FUNCTION = YES;
				GCC_WARN_UNUSED_LABEL = YES;
				GCC_WARN_UNUSED_PARAMETER = YES;
				GCC_WARN_UNUSED_VARIABLE = YES;
				MACOSX_DEPLOYMENT_TARGET = 10.7;
				PRODUCT_NAME = "$(TARGET_NAME)";
				SDKROOT = macosx;
			};
			name = Release;
		};
		B9705E591461DDF400BB2F2F /* Debug */ = {
			isa = XCBuildConfiguration;
			buildSettings = {
			};
			name = Debug;
		};
		B9705E5A1461DDF400BB2F2F /* Release */ = {
			isa = XCBuildConfiguration;
			buildSettings = {
			};
			name = Release;
		};
/* End XCBuildConfiguration section */

/* Begin XCConfigurationList section */
		B9705E431461DDF300BB2F2F /* Build configuration list for PBXProject "CocoaMW" */ = {
			isa = XCConfigurationList;
			buildConfigurations = (
				B9705E561461DDF400BB2F2F /* Debug */,
				B9705E571461DDF400BB2F2F /* Release */,
			);
			defaultConfigurationIsVisible = 0;
			defaultConfigurationName = Release;
		};
		B9705E581461DDF400BB2F2F /* Build configuration list for PBXNativeTarget "CocoaMW" */ = {
			isa = XCConfigurationList;
			buildConfigurations = (
				B9705E591461DDF400BB2F2F /* Debug */,
				B9705E5A1461DDF400BB2F2F /* Release */,
			);
			defaultConfigurationIsVisible = 0;
			defaultConfigurationName = Release;
		};
/* End XCConfigurationList section */
	};
	rootObject = B9705E401461DDF300BB2F2F /* Project object */;
}
